// !$*UTF8*$!
{
	archiveVersion = 1;
	classes = {
	};
	objectVersion = 46;
	objects = {

/* Begin PBXBuildFile section */
		251404B419640FCE004B9054 /* AppDelegate.swift in Sources */ = {isa = PBXBuildFile; fileRef = 251404B319640FCE004B9054 /* AppDelegate.swift */; };
		251404B619640FCE004B9054 /* SearchViewController.swift in Sources */ = {isa = PBXBuildFile; fileRef = 251404B519640FCE004B9054 /* SearchViewController.swift */; };
		251404B919640FCE004B9054 /* Main.storyboard in Resources */ = {isa = PBXBuildFile; fileRef = 251404B719640FCE004B9054 /* Main.storyboard */; };
		251404BB19640FCE004B9054 /* Images.xcassets in Resources */ = {isa = PBXBuildFile; fileRef = 251404BA19640FCE004B9054 /* Images.xcassets */; };
		251404C719640FCE004B9054 /* SwiftTableViewTests.swift in Sources */ = {isa = PBXBuildFile; fileRef = 251404C619640FCE004B9054 /* SwiftTableViewTests.swift */; };
		25A8DD8619D68D430003346D /* AppModel.swift in Sources */ = {isa = PBXBuildFile; fileRef = 25A8DD8519D68D430003346D /* AppModel.swift */; };
		25A8DD8819D6A7020003346D /* AlamofireUtil.swift in Sources */ = {isa = PBXBuildFile; fileRef = 25A8DD8719D6A7020003346D /* AlamofireUtil.swift */; };
		25A8DD9219D6A78C0003346D /* Alamofire.framework in Frameworks */ = {isa = PBXBuildFile; fileRef = 25A8DD8F19D6A7610003346D /* Alamofire.framework */; };
		25D0D263196422CA00222857 /* SerachViewCell.swift in Sources */ = {isa = PBXBuildFile; fileRef = 25D0D262196422CA00222857 /* SerachViewCell.swift */; };
		25D0D265196422E600222857 /* DetailsViewController.swift in Sources */ = {isa = PBXBuildFile; fileRef = 25D0D264196422E600222857 /* DetailsViewController.swift */; };
		25D0D267196422F800222857 /* AppSearchStore.swift in Sources */ = {isa = PBXBuildFile; fileRef = 25D0D266196422F800222857 /* AppSearchStore.swift */; };
		25D0D2691964230200222857 /* AppEntity.swift in Sources */ = {isa = PBXBuildFile; fileRef = 25D0D2681964230200222857 /* AppEntity.swift */; };
		25D0D26C1964231500222857 /* NextSegue.swift in Sources */ = {isa = PBXBuildFile; fileRef = 25D0D26A1964231500222857 /* NextSegue.swift */; };
		25D0D26D1964231500222857 /* PrevSegue.swift in Sources */ = {isa = PBXBuildFile; fileRef = 25D0D26B1964231500222857 /* PrevSegue.swift */; };
		25D0D26F1964232100222857 /* APIUtil.swift in Sources */ = {isa = PBXBuildFile; fileRef = 25D0D26E1964232100222857 /* APIUtil.swift */; };
		C8D1BE0DA43B4056AF83D8D6 /* libPods.a in Frameworks */ = {isa = PBXBuildFile; fileRef = 9987338DBD7C4680921591B1 /* libPods.a */; };
/* End PBXBuildFile section */

/* Begin PBXContainerItemProxy section */
		251404C119640FCE004B9054 /* PBXContainerItemProxy */ = {
			isa = PBXContainerItemProxy;
			containerPortal = 251404A619640FCE004B9054 /* Project object */;
			proxyType = 1;
			remoteGlobalIDString = 251404AD19640FCE004B9054;
			remoteInfo = SwiftTableView;
		};
		25A8DD8E19D6A7610003346D /* PBXContainerItemProxy */ = {
			isa = PBXContainerItemProxy;
			containerPortal = 25A8DD8919D6A7600003346D /* Alamofire.xcodeproj */;
			proxyType = 2;
			remoteGlobalIDString = F8111E3319A95C8B0040E7D1;
			remoteInfo = Alamofire;
		};
		25A8DD9019D6A7610003346D /* PBXContainerItemProxy */ = {
			isa = PBXContainerItemProxy;
			containerPortal = 25A8DD8919D6A7600003346D /* Alamofire.xcodeproj */;
			proxyType = 2;
			remoteGlobalIDString = F8111E3E19A95C8B0040E7D1;
			remoteInfo = AlamofireTests;
		};
		25A8DDBD19D6FB020003346D /* PBXContainerItemProxy */ = {
			isa = PBXContainerItemProxy;
			containerPortal = 25A8DDB619D6FB010003346D /* SwiftyJSON.xcodeproj */;
			proxyType = 2;
			remoteGlobalIDString = 2E4FEFDB19575BE100351305;
			remoteInfo = SwiftyJSON;
		};
		25A8DDBF19D6FB020003346D /* PBXContainerItemProxy */ = {
			isa = PBXContainerItemProxy;
			containerPortal = 25A8DDB619D6FB010003346D /* SwiftyJSON.xcodeproj */;
			proxyType = 2;
			remoteGlobalIDString = 2E4FEFE619575BE100351305;
			remoteInfo = SwiftyJSONTests;
		};
		25A8DDC119D6FB020003346D /* PBXContainerItemProxy */ = {
			isa = PBXContainerItemProxy;
			containerPortal = 25A8DDB619D6FB010003346D /* SwiftyJSON.xcodeproj */;
			proxyType = 2;
			remoteGlobalIDString = 2E4FF00219575CE600351305;
			remoteInfo = "SwiftyJSON-OSX";
		};
		25A8DDC319D6FB020003346D /* PBXContainerItemProxy */ = {
			isa = PBXContainerItemProxy;
			containerPortal = 25A8DDB619D6FB010003346D /* SwiftyJSON.xcodeproj */;
			proxyType = 2;
			remoteGlobalIDString = 2E4FF00C19575CE600351305;
			remoteInfo = "SwiftyJSON-OSXTests";
		};
/* End PBXContainerItemProxy section */

/* Begin PBXFileReference section */
		251404AE19640FCE004B9054 /* SwiftTableView.app */ = {isa = PBXFileReference; explicitFileType = wrapper.application; includeInIndex = 0; path = SwiftTableView.app; sourceTree = BUILT_PRODUCTS_DIR; };
		251404B219640FCE004B9054 /* Info.plist */ = {isa = PBXFileReference; lastKnownFileType = text.plist.xml; path = Info.plist; sourceTree = "<group>"; };
		251404B319640FCE004B9054 /* AppDelegate.swift */ = {isa = PBXFileReference; lastKnownFileType = sourcecode.swift; path = AppDelegate.swift; sourceTree = "<group>"; };
		251404B519640FCE004B9054 /* SearchViewController.swift */ = {isa = PBXFileReference; lastKnownFileType = sourcecode.swift; path = SearchViewController.swift; sourceTree = "<group>"; };
		251404B819640FCE004B9054 /* Base */ = {isa = PBXFileReference; lastKnownFileType = file.storyboard; name = Base; path = Base.lproj/Main.storyboard; sourceTree = "<group>"; };
		251404BA19640FCE004B9054 /* Images.xcassets */ = {isa = PBXFileReference; lastKnownFileType = folder.assetcatalog; path = Images.xcassets; sourceTree = "<group>"; };
		251404C019640FCE004B9054 /* SwiftTableViewTests.xctest */ = {isa = PBXFileReference; explicitFileType = wrapper.cfbundle; includeInIndex = 0; path = SwiftTableViewTests.xctest; sourceTree = BUILT_PRODUCTS_DIR; };
		251404C519640FCE004B9054 /* Info.plist */ = {isa = PBXFileReference; lastKnownFileType = text.plist.xml; path = Info.plist; sourceTree = "<group>"; };
		251404C619640FCE004B9054 /* SwiftTableViewTests.swift */ = {isa = PBXFileReference; lastKnownFileType = sourcecode.swift; path = SwiftTableViewTests.swift; sourceTree = "<group>"; };
		251404E2196413E9004B9054 /* SwiftTableView-Bridging-Header.h */ = {isa = PBXFileReference; lastKnownFileType = sourcecode.c.h; path = "SwiftTableView-Bridging-Header.h"; sourceTree = "<group>"; };
		25A8DD8519D68D430003346D /* AppModel.swift */ = {isa = PBXFileReference; fileEncoding = 4; lastKnownFileType = sourcecode.swift; path = AppModel.swift; sourceTree = "<group>"; };
		25A8DD8719D6A7020003346D /* AlamofireUtil.swift */ = {isa = PBXFileReference; fileEncoding = 4; lastKnownFileType = sourcecode.swift; path = AlamofireUtil.swift; sourceTree = "<group>"; };
		25A8DD8919D6A7600003346D /* Alamofire.xcodeproj */ = {isa = PBXFileReference; lastKnownFileType = "wrapper.pb-project"; name = Alamofire.xcodeproj; path = Alamofire/Alamofire.xcodeproj; sourceTree = "<group>"; };
		25A8DDB619D6FB010003346D /* SwiftyJSON.xcodeproj */ = {isa = PBXFileReference; lastKnownFileType = "wrapper.pb-project"; name = SwiftyJSON.xcodeproj; path = SwiftyJSON/SwiftyJSON.xcodeproj; sourceTree = "<group>"; };
		25D0D262196422CA00222857 /* SerachViewCell.swift */ = {isa = PBXFileReference; fileEncoding = 4; lastKnownFileType = sourcecode.swift; path = SerachViewCell.swift; sourceTree = "<group>"; };
		25D0D264196422E600222857 /* DetailsViewController.swift */ = {isa = PBXFileReference; fileEncoding = 4; lastKnownFileType = sourcecode.swift; path = DetailsViewController.swift; sourceTree = "<group>"; };
		25D0D266196422F800222857 /* AppSearchStore.swift */ = {isa = PBXFileReference; fileEncoding = 4; lastKnownFileType = sourcecode.swift; path = AppSearchStore.swift; sourceTree = "<group>"; };
		25D0D2681964230200222857 /* AppEntity.swift */ = {isa = PBXFileReference; fileEncoding = 4; lastKnownFileType = sourcecode.swift; path = AppEntity.swift; sourceTree = "<group>"; };
		25D0D26A1964231500222857 /* NextSegue.swift */ = {isa = PBXFileReference; fileEncoding = 4; lastKnownFileType = sourcecode.swift; path = NextSegue.swift; sourceTree = "<group>"; };
		25D0D26B1964231500222857 /* PrevSegue.swift */ = {isa = PBXFileReference; fileEncoding = 4; lastKnownFileType = sourcecode.swift; path = PrevSegue.swift; sourceTree = "<group>"; };
		25D0D26E1964232100222857 /* APIUtil.swift */ = {isa = PBXFileReference; fileEncoding = 4; lastKnownFileType = sourcecode.swift; path = APIUtil.swift; sourceTree = "<group>"; };
		80A3044D0D284AD28E1D15D0 /* Pods.xcconfig */ = {isa = PBXFileReference; includeInIndex = 1; lastKnownFileType = text.xcconfig; name = Pods.xcconfig; path = Pods/Pods.xcconfig; sourceTree = "<group>"; };
		9987338DBD7C4680921591B1 /* libPods.a */ = {isa = PBXFileReference; explicitFileType = archive.ar; includeInIndex = 0; path = libPods.a; sourceTree = BUILT_PRODUCTS_DIR; };
/* End PBXFileReference section */

/* Begin PBXFrameworksBuildPhase section */
		251404AB19640FCE004B9054 /* Frameworks */ = {
			isa = PBXFrameworksBuildPhase;
			buildActionMask = 2147483647;
			files = (
				25A8DD9219D6A78C0003346D /* Alamofire.framework in Frameworks */,
				C8D1BE0DA43B4056AF83D8D6 /* libPods.a in Frameworks */,
			);
			runOnlyForDeploymentPostprocessing = 0;
		};
		251404BD19640FCE004B9054 /* Frameworks */ = {
			isa = PBXFrameworksBuildPhase;
			buildActionMask = 2147483647;
			files = (
			);
			runOnlyForDeploymentPostprocessing = 0;
		};
/* End PBXFrameworksBuildPhase section */

/* Begin PBXGroup section */
		251404A519640FCE004B9054 = {
			isa = PBXGroup;
			children = (
				25A8DDB619D6FB010003346D /* SwiftyJSON.xcodeproj */,
				25A8DD8919D6A7600003346D /* Alamofire.xcodeproj */,
				251404B019640FCE004B9054 /* SwiftTableView */,
				251404C319640FCE004B9054 /* SwiftTableViewTests */,
				251404AF19640FCE004B9054 /* Products */,
				80A3044D0D284AD28E1D15D0 /* Pods.xcconfig */,
				F009CA1E6D52444899388EB2 /* Frameworks */,
			);
			sourceTree = "<group>";
		};
		251404AF19640FCE004B9054 /* Products */ = {
			isa = PBXGroup;
			children = (
				251404AE19640FCE004B9054 /* SwiftTableView.app */,
				251404C019640FCE004B9054 /* SwiftTableViewTests.xctest */,
			);
			name = Products;
			sourceTree = "<group>";
		};
		251404B019640FCE004B9054 /* SwiftTableView */ = {
			isa = PBXGroup;
			children = (
				251404B319640FCE004B9054 /* AppDelegate.swift */,
				251404D019640FE6004B9054 /* Views */,
				251404D31964102C004B9054 /* Controller */,
				251404D21964101B004B9054 /* Model */,
				251404D119641011004B9054 /* Utility */,
				251404B719640FCE004B9054 /* Main.storyboard */,
				251404BA19640FCE004B9054 /* Images.xcassets */,
				251404B119640FCE004B9054 /* Supporting Files */,
				251404E2196413E9004B9054 /* SwiftTableView-Bridging-Header.h */,
			);
			path = SwiftTableView;
			sourceTree = "<group>";
		};
		251404B119640FCE004B9054 /* Supporting Files */ = {
			isa = PBXGroup;
			children = (
				251404B219640FCE004B9054 /* Info.plist */,
			);
			name = "Supporting Files";
			sourceTree = "<group>";
		};
		251404C319640FCE004B9054 /* SwiftTableViewTests */ = {
			isa = PBXGroup;
			children = (
				251404C619640FCE004B9054 /* SwiftTableViewTests.swift */,
				251404C419640FCE004B9054 /* Supporting Files */,
			);
			path = SwiftTableViewTests;
			sourceTree = "<group>";
		};
		251404C419640FCE004B9054 /* Supporting Files */ = {
			isa = PBXGroup;
			children = (
				251404C519640FCE004B9054 /* Info.plist */,
			);
			name = "Supporting Files";
			sourceTree = "<group>";
		};
		251404D019640FE6004B9054 /* Views */ = {
			isa = PBXGroup;
			children = (
				25D0D262196422CA00222857 /* SerachViewCell.swift */,
			);
			name = Views;
			sourceTree = "<group>";
		};
		251404D119641011004B9054 /* Utility */ = {
			isa = PBXGroup;
			children = (
				25D0D26A1964231500222857 /* NextSegue.swift */,
				25D0D26B1964231500222857 /* PrevSegue.swift */,
				25D0D26E1964232100222857 /* APIUtil.swift */,
				25A8DD8719D6A7020003346D /* AlamofireUtil.swift */,
			);
			name = Utility;
			sourceTree = "<group>";
		};
		251404D21964101B004B9054 /* Model */ = {
			isa = PBXGroup;
			children = (
				25D0D266196422F800222857 /* AppSearchStore.swift */,
				25D0D2681964230200222857 /* AppEntity.swift */,
				25A8DD8519D68D430003346D /* AppModel.swift */,
			);
			name = Model;
			sourceTree = "<group>";
		};
		251404D31964102C004B9054 /* Controller */ = {
			isa = PBXGroup;
			children = (
				25D0D264196422E600222857 /* DetailsViewController.swift */,
				251404B519640FCE004B9054 /* SearchViewController.swift */,
			);
			name = Controller;
			sourceTree = "<group>";
		};
		25A8DD8A19D6A7600003346D /* Products */ = {
			isa = PBXGroup;
			children = (
				25A8DD8F19D6A7610003346D /* Alamofire.framework */,
				25A8DD9119D6A7610003346D /* AlamofireTests.xctest */,
			);
			name = Products;
			sourceTree = "<group>";
		};
		25A8DDB719D6FB010003346D /* Products */ = {
			isa = PBXGroup;
			children = (
				25A8DDBE19D6FB020003346D /* SwiftyJSON.framework */,
				25A8DDC019D6FB020003346D /* SwiftyJSONTests.xctest */,
				25A8DDC219D6FB020003346D /* SwiftyJSON.framework */,
				25A8DDC419D6FB020003346D /* SwiftyJSON-OSXTests.xctest */,
			);
			name = Products;
			sourceTree = "<group>";
		};
		F009CA1E6D52444899388EB2 /* Frameworks */ = {
			isa = PBXGroup;
			children = (
				9987338DBD7C4680921591B1 /* libPods.a */,
			);
			name = Frameworks;
			sourceTree = "<group>";
		};
/* End PBXGroup section */

/* Begin PBXNativeTarget section */
		251404AD19640FCE004B9054 /* SwiftTableView */ = {
			isa = PBXNativeTarget;
			buildConfigurationList = 251404CA19640FCE004B9054 /* Build configuration list for PBXNativeTarget "SwiftTableView" */;
			buildPhases = (
				387D50FD6625404C87F78CEA /* Check Pods Manifest.lock */,
				251404AA19640FCE004B9054 /* Sources */,
				251404AB19640FCE004B9054 /* Frameworks */,
				251404AC19640FCE004B9054 /* Resources */,
				ECF88B20D34F49A0923930FC /* Copy Pods Resources */,
			);
			buildRules = (
			);
			dependencies = (
			);
			name = SwiftTableView;
			productName = SwiftTableView;
			productReference = 251404AE19640FCE004B9054 /* SwiftTableView.app */;
			productType = "com.apple.product-type.application";
		};
		251404BF19640FCE004B9054 /* SwiftTableViewTests */ = {
			isa = PBXNativeTarget;
			buildConfigurationList = 251404CD19640FCE004B9054 /* Build configuration list for PBXNativeTarget "SwiftTableViewTests" */;
			buildPhases = (
				251404BC19640FCE004B9054 /* Sources */,
				251404BD19640FCE004B9054 /* Frameworks */,
				251404BE19640FCE004B9054 /* Resources */,
			);
			buildRules = (
			);
			dependencies = (
				251404C219640FCE004B9054 /* PBXTargetDependency */,
			);
			name = SwiftTableViewTests;
			productName = SwiftTableViewTests;
			productReference = 251404C019640FCE004B9054 /* SwiftTableViewTests.xctest */;
			productType = "com.apple.product-type.bundle.unit-test";
		};
/* End PBXNativeTarget section */

/* Begin PBXProject section */
		251404A619640FCE004B9054 /* Project object */ = {
			isa = PBXProject;
			attributes = {
				LastUpgradeCheck = 0600;
				ORGANIZATIONNAME = hideji;
				TargetAttributes = {
					251404AD19640FCE004B9054 = {
						CreatedOnToolsVersion = 6.0;
					};
					251404BF19640FCE004B9054 = {
						CreatedOnToolsVersion = 6.0;
						TestTargetID = 251404AD19640FCE004B9054;
					};
				};
			};
			buildConfigurationList = 251404A919640FCE004B9054 /* Build configuration list for PBXProject "SwiftTableView" */;
			compatibilityVersion = "Xcode 3.2";
			developmentRegion = English;
			hasScannedForEncodings = 0;
			knownRegions = (
				en,
				Base,
			);
			mainGroup = 251404A519640FCE004B9054;
			productRefGroup = 251404AF19640FCE004B9054 /* Products */;
			projectDirPath = "";
			projectReferences = (
				{
					ProductGroup = 25A8DD8A19D6A7600003346D /* Products */;
					ProjectRef = 25A8DD8919D6A7600003346D /* Alamofire.xcodeproj */;
				},
				{
					ProductGroup = 25A8DDB719D6FB010003346D /* Products */;
					ProjectRef = 25A8DDB619D6FB010003346D /* SwiftyJSON.xcodeproj */;
				},
			);
			projectRoot = "";
			targets = (
				251404AD19640FCE004B9054 /* SwiftTableView */,
				251404BF19640FCE004B9054 /* SwiftTableViewTests */,
			);
		};
/* End PBXProject section */

/* Begin PBXReferenceProxy section */
		25A8DD8F19D6A7610003346D /* Alamofire.framework */ = {
			isa = PBXReferenceProxy;
			fileType = wrapper.framework;
			path = Alamofire.framework;
			remoteRef = 25A8DD8E19D6A7610003346D /* PBXContainerItemProxy */;
			sourceTree = BUILT_PRODUCTS_DIR;
		};
		25A8DD9119D6A7610003346D /* AlamofireTests.xctest */ = {
			isa = PBXReferenceProxy;
			fileType = wrapper.cfbundle;
			path = AlamofireTests.xctest;
			remoteRef = 25A8DD9019D6A7610003346D /* PBXContainerItemProxy */;
			sourceTree = BUILT_PRODUCTS_DIR;
		};
		25A8DDBE19D6FB020003346D /* SwiftyJSON.framework */ = {
			isa = PBXReferenceProxy;
			fileType = wrapper.framework;
			path = SwiftyJSON.framework;
			remoteRef = 25A8DDBD19D6FB020003346D /* PBXContainerItemProxy */;
			sourceTree = BUILT_PRODUCTS_DIR;
		};
		25A8DDC019D6FB020003346D /* SwiftyJSONTests.xctest */ = {
			isa = PBXReferenceProxy;
			fileType = wrapper.cfbundle;
			path = SwiftyJSONTests.xctest;
			remoteRef = 25A8DDBF19D6FB020003346D /* PBXContainerItemProxy */;
			sourceTree = BUILT_PRODUCTS_DIR;
		};
		25A8DDC219D6FB020003346D /* SwiftyJSON.framework */ = {
			isa = PBXReferenceProxy;
			fileType = wrapper.framework;
			path = SwiftyJSON.framework;
			remoteRef = 25A8DDC119D6FB020003346D /* PBXContainerItemProxy */;
			sourceTree = BUILT_PRODUCTS_DIR;
		};
		25A8DDC419D6FB020003346D /* SwiftyJSON-OSXTests.xctest */ = {
			isa = PBXReferenceProxy;
			fileType = wrapper.cfbundle;
			path = "SwiftyJSON-OSXTests.xctest";
			remoteRef = 25A8DDC319D6FB020003346D /* PBXContainerItemProxy */;
			sourceTree = BUILT_PRODUCTS_DIR;
		};
/* End PBXReferenceProxy section */

/* Begin PBXResourcesBuildPhase section */
		251404AC19640FCE004B9054 /* Resources */ = {
			isa = PBXResourcesBuildPhase;
			buildActionMask = 2147483647;
			files = (
				251404B919640FCE004B9054 /* Main.storyboard in Resources */,
				251404BB19640FCE004B9054 /* Images.xcassets in Resources */,
			);
			runOnlyForDeploymentPostprocessing = 0;
		};
		251404BE19640FCE004B9054 /* Resources */ = {
			isa = PBXResourcesBuildPhase;
			buildActionMask = 2147483647;
			files = (
			);
			runOnlyForDeploymentPostprocessing = 0;
		};
/* End PBXResourcesBuildPhase section */

/* Begin PBXShellScriptBuildPhase section */
		387D50FD6625404C87F78CEA /* Check Pods Manifest.lock */ = {
			isa = PBXShellScriptBuildPhase;
			buildActionMask = 2147483647;
			files = (
			);
			inputPaths = (
			);
			name = "Check Pods Manifest.lock";
			outputPaths = (
			);
			runOnlyForDeploymentPostprocessing = 0;
			shellPath = /bin/sh;
			shellScript = "diff \"${PODS_ROOT}/../Podfile.lock\" \"${PODS_ROOT}/Manifest.lock\" > /dev/null\nif [[ $? != 0 ]] ; then\n    cat << EOM\nerror: The sandbox is not in sync with the Podfile.lock. Run 'pod install' or update your CocoaPods installation.\nEOM\n    exit 1\nfi\n";
			showEnvVarsInLog = 0;
		};
		ECF88B20D34F49A0923930FC /* Copy Pods Resources */ = {
			isa = PBXShellScriptBuildPhase;
			buildActionMask = 2147483647;
			files = (
			);
			inputPaths = (
			);
			name = "Copy Pods Resources";
			outputPaths = (
			);
			runOnlyForDeploymentPostprocessing = 0;
			shellPath = /bin/sh;
			shellScript = "\"${SRCROOT}/Pods/Pods-resources.sh\"\n";
			showEnvVarsInLog = 0;
		};
/* End PBXShellScriptBuildPhase section */

/* Begin PBXSourcesBuildPhase section */
		251404AA19640FCE004B9054 /* Sources */ = {
			isa = PBXSourcesBuildPhase;
			buildActionMask = 2147483647;
			files = (
				25D0D267196422F800222857 /* AppSearchStore.swift in Sources */,
				25D0D265196422E600222857 /* DetailsViewController.swift in Sources */,
				25D0D26D1964231500222857 /* PrevSegue.swift in Sources */,
				25A8DD8619D68D430003346D /* AppModel.swift in Sources */,
				25A8DD8819D6A7020003346D /* AlamofireUtil.swift in Sources */,
				25D0D26F1964232100222857 /* APIUtil.swift in Sources */,
				25D0D26C1964231500222857 /* NextSegue.swift in Sources */,
				25D0D2691964230200222857 /* AppEntity.swift in Sources */,
				251404B619640FCE004B9054 /* SearchViewController.swift in Sources */,
				251404B419640FCE004B9054 /* AppDelegate.swift in Sources */,
				25D0D263196422CA00222857 /* SerachViewCell.swift in Sources */,
			);
			runOnlyForDeploymentPostprocessing = 0;
		};
		251404BC19640FCE004B9054 /* Sources */ = {
			isa = PBXSourcesBuildPhase;
			buildActionMask = 2147483647;
			files = (
				251404C719640FCE004B9054 /* SwiftTableViewTests.swift in Sources */,
			);
			runOnlyForDeploymentPostprocessing = 0;
		};
/* End PBXSourcesBuildPhase section */

/* Begin PBXTargetDependency section */
		251404C219640FCE004B9054 /* PBXTargetDependency */ = {
			isa = PBXTargetDependency;
			target = 251404AD19640FCE004B9054 /* SwiftTableView */;
			targetProxy = 251404C119640FCE004B9054 /* PBXContainerItemProxy */;
		};
/* End PBXTargetDependency section */

/* Begin PBXVariantGroup section */
		251404B719640FCE004B9054 /* Main.storyboard */ = {
			isa = PBXVariantGroup;
			children = (
				251404B819640FCE004B9054 /* Base */,
			);
			name = Main.storyboard;
			sourceTree = "<group>";
		};
/* End PBXVariantGroup section */

/* Begin XCBuildConfiguration section */
		251404C819640FCE004B9054 /* Debug */ = {
			isa = XCBuildConfiguration;
			buildSettings = {
				ALWAYS_SEARCH_USER_PATHS = NO;
				CLANG_CXX_LANGUAGE_STANDARD = "gnu++0x";
				CLANG_CXX_LIBRARY = "libc++";
				CLANG_ENABLE_MODULES = YES;
				CLANG_ENABLE_OBJC_ARC = YES;
				CLANG_WARN_BOOL_CONVERSION = YES;
				CLANG_WARN_CONSTANT_CONVERSION = YES;
				CLANG_WARN_DIRECT_OBJC_ISA_USAGE = YES_ERROR;
				CLANG_WARN_EMPTY_BODY = YES;
				CLANG_WARN_ENUM_CONVERSION = YES;
				CLANG_WARN_INT_CONVERSION = YES;
				CLANG_WARN_OBJC_ROOT_CLASS = YES_ERROR;
				CLANG_WARN_UNREACHABLE_CODE = YES;
				CLANG_WARN__DUPLICATE_METHOD_MATCH = YES;
				"CODE_SIGN_IDENTITY[sdk=iphoneos*]" = "iPhone Developer";
				COPY_PHASE_STRIP = NO;
				ENABLE_STRICT_OBJC_MSGSEND = YES;
				GCC_C_LANGUAGE_STANDARD = gnu99;
				GCC_DYNAMIC_NO_PIC = NO;
				GCC_OPTIMIZATION_LEVEL = 0;
				GCC_PREPROCESSOR_DEFINITIONS = (
					"DEBUG=1",
					"$(inherited)",
				);
				GCC_SYMBOLS_PRIVATE_EXTERN = NO;
				GCC_WARN_64_TO_32_BIT_CONVERSION = YES;
				GCC_WARN_ABOUT_RETURN_TYPE = YES_ERROR;
				GCC_WARN_UNDECLARED_SELECTOR = YES;
				GCC_WARN_UNINITIALIZED_AUTOS = YES_AGGRESSIVE;
				GCC_WARN_UNUSED_FUNCTION = YES;
				GCC_WARN_UNUSED_VARIABLE = YES;
				IPHONEOS_DEPLOYMENT_TARGET = 8.0;
				METAL_ENABLE_DEBUG_INFO = YES;
				ONLY_ACTIVE_ARCH = YES;
				SDKROOT = iphoneos;
				SWIFT_OPTIMIZATION_LEVEL = "-Onone";
			};
			name = Debug;
		};
		251404C919640FCE004B9054 /* Release */ = {
			isa = XCBuildConfiguration;
			buildSettings = {
				ALWAYS_SEARCH_USER_PATHS = NO;
				CLANG_CXX_LANGUAGE_STANDARD = "gnu++0x";
				CLANG_CXX_LIBRARY = "libc++";
				CLANG_ENABLE_MODULES = YES;
				CLANG_ENABLE_OBJC_ARC = YES;
				CLANG_WARN_BOOL_CONVERSION = YES;
				CLANG_WARN_CONSTANT_CONVERSION = YES;
				CLANG_WARN_DIRECT_OBJC_ISA_USAGE = YES_ERROR;
				CLANG_WARN_EMPTY_BODY = YES;
				CLANG_WARN_ENUM_CONVERSION = YES;
				CLANG_WARN_INT_CONVERSION = YES;
				CLANG_WARN_OBJC_ROOT_CLASS = YES_ERROR;
				CLANG_WARN_UNREACHABLE_CODE = YES;
				CLANG_WARN__DUPLICATE_METHOD_MATCH = YES;
				"CODE_SIGN_IDENTITY[sdk=iphoneos*]" = "iPhone Developer";
				COPY_PHASE_STRIP = YES;
				ENABLE_NS_ASSERTIONS = NO;
				ENABLE_STRICT_OBJC_MSGSEND = YES;
				GCC_C_LANGUAGE_STANDARD = gnu99;
				GCC_WARN_64_TO_32_BIT_CONVERSION = YES;
				GCC_WARN_ABOUT_RETURN_TYPE = YES_ERROR;
				GCC_WARN_UNDECLARED_SELECTOR = YES;
				GCC_WARN_UNINITIALIZED_AUTOS = YES_AGGRESSIVE;
				GCC_WARN_UNUSED_FUNCTION = YES;
				GCC_WARN_UNUSED_VARIABLE = YES;
				IPHONEOS_DEPLOYMENT_TARGET = 8.0;
				METAL_ENABLE_DEBUG_INFO = NO;
				SDKROOT = iphoneos;
				VALIDATE_PRODUCT = YES;
			};
			name = Release;
		};
		251404CB19640FCE004B9054 /* Debug */ = {
			isa = XCBuildConfiguration;
			baseConfigurationReference = 80A3044D0D284AD28E1D15D0 /* Pods.xcconfig */;
			buildSettings = {
				ASSETCATALOG_COMPILER_APPICON_NAME = AppIcon;
				ASSETCATALOG_COMPILER_LAUNCHIMAGE_NAME = LaunchImage;
				CLANG_ENABLE_MODULES = YES;
				INFOPLIST_FILE = SwiftTableView/Info.plist;
				IPHONEOS_DEPLOYMENT_TARGET = 8.0;
				LD_RUNPATH_SEARCH_PATHS = "$(inherited) @executable_path/Frameworks";
				PRODUCT_NAME = "$(TARGET_NAME)";
				SWIFT_OBJC_BRIDGING_HEADER = "SwiftTableView/SwiftTableView-Bridging-Header.h";
				SWIFT_OPTIMIZATION_LEVEL = "-Onone";
				TARGETED_DEVICE_FAMILY = 1;
			};
			name = Debug;
		};
		251404CC19640FCE004B9054 /* Release */ = {
			isa = XCBuildConfiguration;
			baseConfigurationReference = 80A3044D0D284AD28E1D15D0 /* Pods.xcconfig */;
			buildSettings = {
				ASSETCATALOG_COMPILER_APPICON_NAME = AppIcon;
				ASSETCATALOG_COMPILER_LAUNCHIMAGE_NAME = LaunchImage;
				CLANG_ENABLE_MODULES = YES;
				INFOPLIST_FILE = SwiftTableView/Info.plist;
				IPHONEOS_DEPLOYMENT_TARGET = 8.0;
				LD_RUNPATH_SEARCH_PATHS = "$(inherited) @executable_path/Frameworks";
				PRODUCT_NAME = "$(TARGET_NAME)";
				SWIFT_OBJC_BRIDGING_HEADER = "SwiftTableView/SwiftTableView-Bridging-Header.h";
				TARGETED_DEVICE_FAMILY = 1;
			};
			name = Release;
		};
		251404CE19640FCE004B9054 /* Debug */ = {
			isa = XCBuildConfiguration;
			buildSettings = {
				BUNDLE_LOADER = "$(BUILT_PRODUCTS_DIR)/SwiftTableView.app/SwiftTableView";
				FRAMEWORK_SEARCH_PATHS = (
					"$(SDKROOT)/Developer/Library/Frameworks",
					"$(inherited)",
				);
				GCC_PREPROCESSOR_DEFINITIONS = (
					"DEBUG=1",
					"$(inherited)",
				);
				INFOPLIST_FILE = SwiftTableViewTests/Info.plist;
				LD_RUNPATH_SEARCH_PATHS = "$(inherited) @executable_path/Frameworks @loader_path/Frameworks";
				METAL_ENABLE_DEBUG_INFO = YES;
				PRODUCT_NAME = "$(TARGET_NAME)";
				TEST_HOST = "$(BUNDLE_LOADER)";
			};
			name = Debug;
		};
		251404CF19640FCE004B9054 /* Release */ = {
			isa = XCBuildConfiguration;
			buildSettings = {
				BUNDLE_LOADER = "$(BUILT_PRODUCTS_DIR)/SwiftTableView.app/SwiftTableView";
				FRAMEWORK_SEARCH_PATHS = (
					"$(SDKROOT)/Developer/Library/Frameworks",
					"$(inherited)",
				);
				INFOPLIST_FILE = SwiftTableViewTests/Info.plist;
				LD_RUNPATH_SEARCH_PATHS = "$(inherited) @executable_path/Frameworks @loader_path/Frameworks";
				METAL_ENABLE_DEBUG_INFO = NO;
				PRODUCT_NAME = "$(TARGET_NAME)";
				TEST_HOST = "$(BUNDLE_LOADER)";
			};
			name = Release;
		};
/* End XCBuildConfiguration section */

/* Begin XCConfigurationList section */
		251404A919640FCE004B9054 /* Build configuration list for PBXProject "SwiftTableView" */ = {
			isa = XCConfigurationList;
			buildConfigurations = (
				251404C819640FCE004B9054 /* Debug */,
				251404C919640FCE004B9054 /* Release */,
			);
			defaultConfigurationIsVisible = 0;
			defaultConfigurationName = Debug;
		};
		251404CA19640FCE004B9054 /* Build configuration list for PBXNativeTarget "SwiftTableView" */ = {
			isa = XCConfigurationList;
			buildConfigurations = (
				251404CB19640FCE004B9054 /* Debug */,
				251404CC19640FCE004B9054 /* Release */,
			);
			defaultConfigurationIsVisible = 0;
			defaultConfigurationName = Debug;
		};
		251404CD19640FCE004B9054 /* Build configuration list for PBXNativeTarget "SwiftTableViewTests" */ = {
			isa = XCConfigurationList;
			buildConfigurations = (
				251404CE19640FCE004B9054 /* Debug */,
				251404CF19640FCE004B9054 /* Release */,
			);
			defaultConfigurationIsVisible = 0;
			defaultConfigurationName = Debug;
		};
/* End XCConfigurationList section */
	};
	rootObject = 251404A619640FCE004B9054 /* Project object */;
}
